
Microsoft Visual Studio Solution File, Format Version 12.00
# Visual Studio Version 17
VisualStudioVersion = 17.1.32421.90
MinimumVisualStudioVersion = 10.0.40219.1
Project("{FAE04EC0-301F-11D3-BF4B-00C04F79EFBC}") = "TallerMecanico2", "TallerMecanico2\TallerMecanico2.csproj", "{4BFCF446-5F19-43F4-BDB8-609DA1684F38}"
EndProject
Project("{2150E333-8FDC-42A3-9474-1A3956D46DE8}") = "Solution Items", "Solution Items", "{0BC7D546-32F4-47C9-AF2D-FBD8360BFCE3}"
	ProjectSection(SolutionItems) = preProject
		.editorconfig = .editorconfig
	EndProjectSection
EndProject
Global
	GlobalSection(SolutionConfigurationPlatforms) = preSolution
		Debug|Any CPU = Debug|Any CPU
		Release|Any CPU = Release|Any CPU
	EndGlobalSection
	GlobalSection(ProjectConfigurationPlatforms) = postSolution
		{4BFCF446-5F19-43F4-BDB8-609DA1684F38}.Debug|Any CPU.ActiveCfg = Debug|Any CPU
		{4BFCF446-5F19-43F4-BDB8-609DA1684F38}.Debug|Any CPU.Build.0 = Debug|Any CPU
		{4BFCF446-5F19-43F4-BDB8-609DA1684F38}.Release|Any CPU.ActiveCfg = Release|Any CPU
		{4BFCF446-5F19-43F4-BDB8-609DA1684F38}.Release|Any CPU.Build.0 = Release|Any CPU
	EndGlobalSection
	GlobalSection(SolutionProperties) = preSolution
		HideSolutionNode = FALSE
	EndGlobalSection
	GlobalSection(ExtensibilityGlobals) = postSolution
		SolutionGuid = {82685A89-381E-4B43-9AB3-2700916FD645}
	EndGlobalSection
EndGlobal
